// !$*UTF8*$!
{
	archiveVersion = 1;
	classes = {
	};
	objectVersion = 56;
	objects = {

/* Begin PBXBuildFile section */
		164E03282D563A0E0029C7AD /* NavigationBarView.swift in Sources */ = {isa = PBXBuildFile; fileRef = 164E03272D563A0E0029C7AD /* NavigationBarView.swift */; };
		164E032E2D563AA40029C7AD /* HistoryViewController.swift in Sources */ = {isa = PBXBuildFile; fileRef = 164E032D2D563AA40029C7AD /* HistoryViewController.swift */; };
		164E03312D563AB20029C7AD /* BaseViewController.swift in Sources */ = {isa = PBXBuildFile; fileRef = 164E03302D563AB20029C7AD /* BaseViewController.swift */; };
		164E03332D563AC10029C7AD /* DescriptionView.swift in Sources */ = {isa = PBXBuildFile; fileRef = 164E03322D563AC10029C7AD /* DescriptionView.swift */; };
		164E03352D563AC50029C7AD /* TypingSpeedView.swift in Sources */ = {isa = PBXBuildFile; fileRef = 164E03342D563AC50029C7AD /* TypingSpeedView.swift */; };
		164E03372D563AE90029C7AD /* UITextView+lineSpacing.swift in Sources */ = {isa = PBXBuildFile; fileRef = 164E03362D563AE90029C7AD /* UITextView+lineSpacing.swift */; };
		164E03392D563CFB0029C7AD /* Preview.swift in Sources */ = {isa = PBXBuildFile; fileRef = 164E03382D563CFB0029C7AD /* Preview.swift */; };
		16F504A02D54AB2000EE67F0 /* Publisher+extension.swift in Sources */ = {isa = PBXBuildFile; fileRef = 16F5049A2D54AB2000EE67F0 /* Publisher+extension.swift */; };
		16F504A12D54AB2000EE67F0 /* Collection+Index.swift in Sources */ = {isa = PBXBuildFile; fileRef = 16F5049B2D54AB2000EE67F0 /* Collection+Index.swift */; };
		16F504A22D54AB2000EE67F0 /* Date+Formatted.swift in Sources */ = {isa = PBXBuildFile; fileRef = 16F5049C2D54AB2000EE67F0 /* Date+Formatted.swift */; };
		16F504A32D54AB2000EE67F0 /* Future+Async.swift in Sources */ = {isa = PBXBuildFile; fileRef = 16F5049D2D54AB2000EE67F0 /* Future+Async.swift */; };
		16F504A42D54AB2000EE67F0 /* Combine+BehaviorSubject.swift in Sources */ = {isa = PBXBuildFile; fileRef = 16F5049E2D54AB2000EE67F0 /* Combine+BehaviorSubject.swift */; };
		16F504A52D54AB2000EE67F0 /* Date+KoreanStyleFormater.swift in Sources */ = {isa = PBXBuildFile; fileRef = 16F5049F2D54AB2000EE67F0 /* Date+KoreanStyleFormater.swift */; };
		16F504BA2D54AB2800EE67F0 /* UICollectionView+register.swift in Sources */ = {isa = PBXBuildFile; fileRef = 16F504A72D54AB2800EE67F0 /* UICollectionView+register.swift */; };
		16F504BB2D54AB2800EE67F0 /* UIControl+combine.swift in Sources */ = {isa = PBXBuildFile; fileRef = 16F504A82D54AB2800EE67F0 /* UIControl+combine.swift */; };
		16F504BC2D54AB2800EE67F0 /* UIColor+hex.swift in Sources */ = {isa = PBXBuildFile; fileRef = 16F504A92D54AB2800EE67F0 /* UIColor+hex.swift */; };
		16F504BD2D54AB2800EE67F0 /* UIFont+named.swift in Sources */ = {isa = PBXBuildFile; fileRef = 16F504AA2D54AB2800EE67F0 /* UIFont+named.swift */; };
		16F504BE2D54AB2800EE67F0 /* UITextField+placeholder.swift in Sources */ = {isa = PBXBuildFile; fileRef = 16F504AB2D54AB2800EE67F0 /* UITextField+placeholder.swift */; };
		16F504BF2D54AB2800EE67F0 /* UIView+autolayout.swift in Sources */ = {isa = PBXBuildFile; fileRef = 16F504AC2D54AB2800EE67F0 /* UIView+autolayout.swift */; };
		16F504C02D54AB2800EE67F0 /* UIViewController+keyboard.swift in Sources */ = {isa = PBXBuildFile; fileRef = 16F504AD2D54AB2800EE67F0 /* UIViewController+keyboard.swift */; };
		16F504C22D54AB2800EE67F0 /* UITextView+estimatedSize.swift in Sources */ = {isa = PBXBuildFile; fileRef = 16F504AF2D54AB2800EE67F0 /* UITextView+estimatedSize.swift */; };
		16F504C32D54AB2800EE67F0 /* UIViewController+alert.swift in Sources */ = {isa = PBXBuildFile; fileRef = 16F504B02D54AB2800EE67F0 /* UIViewController+alert.swift */; };
		16F504C42D54AB2800EE67F0 /* UIView+corner.swift in Sources */ = {isa = PBXBuildFile; fileRef = 16F504B12D54AB2800EE67F0 /* UIView+corner.swift */; };
		16F504C52D54AB2800EE67F0 /* UILabel+estimatedSize.swift in Sources */ = {isa = PBXBuildFile; fileRef = 16F504B22D54AB2800EE67F0 /* UILabel+estimatedSize.swift */; };
		16F504C72D54AB2800EE67F0 /* Keyboard+combine.swift in Sources */ = {isa = PBXBuildFile; fileRef = 16F504B42D54AB2800EE67F0 /* Keyboard+combine.swift */; };
		16F504C82D54AB2800EE67F0 /* UIImageView+animation.swift in Sources */ = {isa = PBXBuildFile; fileRef = 16F504B52D54AB2800EE67F0 /* UIImageView+animation.swift */; };
		16F504C92D54AB2800EE67F0 /* UIView+shadow.swift in Sources */ = {isa = PBXBuildFile; fileRef = 16F504B62D54AB2800EE67F0 /* UIView+shadow.swift */; };
		16F504CA2D54AB2800EE67F0 /* UIScreen+size.swift in Sources */ = {isa = PBXBuildFile; fileRef = 16F504B72D54AB2800EE67F0 /* UIScreen+size.swift */; };
		16F504CB2D54AB2800EE67F0 /* UITableView+register.swift in Sources */ = {isa = PBXBuildFile; fileRef = 16F504B82D54AB2800EE67F0 /* UITableView+register.swift */; };
		16F504CC2D54AB2800EE67F0 /* UIView+combine.swift in Sources */ = {isa = PBXBuildFile; fileRef = 16F504B92D54AB2800EE67F0 /* UIView+combine.swift */; };
		16F504D12D54AD6000EE67F0 /* Assets.xcassets in Resources */ = {isa = PBXBuildFile; fileRef = 16F504D02D54AD6000EE67F0 /* Assets.xcassets */; };
		16F504D22D54AF1E00EE67F0 /* UIColor+named.swift in Sources */ = {isa = PBXBuildFile; fileRef = 16F504AE2D54AB2800EE67F0 /* UIColor+named.swift */; };
		16F504D32D54AF2200EE67F0 /* UIImage+named.swift in Sources */ = {isa = PBXBuildFile; fileRef = 16F504B32D54AB2800EE67F0 /* UIImage+named.swift */; };
		16F504E12D54B00600EE67F0 /* Pretendard-Regular.otf in Resources */ = {isa = PBXBuildFile; fileRef = 16F504D52D54B00600EE67F0 /* Pretendard-Regular.otf */; };
		16F504E22D54B00600EE67F0 /* NanumMyeongjoExtraBold.otf in Resources */ = {isa = PBXBuildFile; fileRef = 16F504D62D54B00600EE67F0 /* NanumMyeongjoExtraBold.otf */; };
		16F504E32D54B00600EE67F0 /* Pretendard-Black.otf in Resources */ = {isa = PBXBuildFile; fileRef = 16F504D72D54B00600EE67F0 /* Pretendard-Black.otf */; };
		16F504E42D54B00600EE67F0 /* Pretendard-Medium.otf in Resources */ = {isa = PBXBuildFile; fileRef = 16F504D82D54B00600EE67F0 /* Pretendard-Medium.otf */; };
		16F504E52D54B00600EE67F0 /* NanumMyeongjo.otf in Resources */ = {isa = PBXBuildFile; fileRef = 16F504D92D54B00600EE67F0 /* NanumMyeongjo.otf */; };
		16F504E62D54B00600EE67F0 /* NanumMyeongjoBold.otf in Resources */ = {isa = PBXBuildFile; fileRef = 16F504DA2D54B00600EE67F0 /* NanumMyeongjoBold.otf */; };
		16F504E72D54B00600EE67F0 /* Pretendard-Light.otf in Resources */ = {isa = PBXBuildFile; fileRef = 16F504DB2D54B00600EE67F0 /* Pretendard-Light.otf */; };
		16F504E82D54B00600EE67F0 /* Pretendard-ExtraBold.otf in Resources */ = {isa = PBXBuildFile; fileRef = 16F504DC2D54B00600EE67F0 /* Pretendard-ExtraBold.otf */; };
		16F504E92D54B00600EE67F0 /* Pretendard-Bold.otf in Resources */ = {isa = PBXBuildFile; fileRef = 16F504DD2D54B00600EE67F0 /* Pretendard-Bold.otf */; };
		16F504EA2D54B00600EE67F0 /* Pretendard-Thin.otf in Resources */ = {isa = PBXBuildFile; fileRef = 16F504DE2D54B00600EE67F0 /* Pretendard-Thin.otf */; };
		16F504EB2D54B00600EE67F0 /* Pretendard-ExtraLight.otf in Resources */ = {isa = PBXBuildFile; fileRef = 16F504DF2D54B00600EE67F0 /* Pretendard-ExtraLight.otf */; };
		16F504EC2D54B00600EE67F0 /* Pretendard-SemiBold.otf in Resources */ = {isa = PBXBuildFile; fileRef = 16F504E02D54B00600EE67F0 /* Pretendard-SemiBold.otf */; };
		16F504ED2D54B01E00EE67F0 /* LaunchScreen.storyboard in Resources */ = {isa = PBXBuildFile; fileRef = 16F88F572D5487E400BF7CDE /* LaunchScreen.storyboard */; };
		16F600A02D62F8F200A66456 /* SummaryViewController.swift in Sources */ = {isa = PBXBuildFile; fileRef = 16F6009F2D62F8F200A66456 /* SummaryViewController.swift */; };
		16F600A22D62F91200A66456 /* BaseView.swift in Sources */ = {isa = PBXBuildFile; fileRef = 16F600A12D62F91200A66456 /* BaseView.swift */; };
		16F600A42D62F9AA00A66456 /* SummaryView.swift in Sources */ = {isa = PBXBuildFile; fileRef = 16F600A32D62F9AA00A66456 /* SummaryView.swift */; };
		16F601312D631DEB00A66456 /* PaddedLabel.swift in Sources */ = {isa = PBXBuildFile; fileRef = 16F601302D631DEB00A66456 /* PaddedLabel.swift */; };
		16F601352D6352AA00A66456 /* SummaryHeaderView.swift in Sources */ = {isa = PBXBuildFile; fileRef = 16F601342D6352AA00A66456 /* SummaryHeaderView.swift */; };
		16F601372D63538E00A66456 /* SummaryPerformanceView.swift in Sources */ = {isa = PBXBuildFile; fileRef = 16F601362D63538E00A66456 /* SummaryPerformanceView.swift */; };
		16F601392D63541100A66456 /* SummaryReferenceView.swift in Sources */ = {isa = PBXBuildFile; fileRef = 16F601382D63541100A66456 /* SummaryReferenceView.swift */; };
		16F6FABD2D5B287B00A66456 /* TypingSpeedModel.swift in Sources */ = {isa = PBXBuildFile; fileRef = 16F6FABC2D5B287B00A66456 /* TypingSpeedModel.swift */; };
		16F6FABF2D5B28BF00A66456 /* TypingSpeedCalculator.swift in Sources */ = {isa = PBXBuildFile; fileRef = 16F6FABE2D5B28BF00A66456 /* TypingSpeedCalculator.swift */; };
		16F6FAC12D5B2BC300A66456 /* TimerManager.swift in Sources */ = {isa = PBXBuildFile; fileRef = 16F6FAC02D5B2BC300A66456 /* TimerManager.swift */; };
		16F6FAC32D5B31C600A66456 /* TypingValidator.swift in Sources */ = {isa = PBXBuildFile; fileRef = 16F6FAC22D5B31C400A66456 /* TypingValidator.swift */; };
		16F6FAC72D5B435200A66456 /* TimeInterval+convertTime.swift in Sources */ = {isa = PBXBuildFile; fileRef = 16F6FAC62D5B435200A66456 /* TimeInterval+convertTime.swift */; };
		16F88F4D2D5487E200BF7CDE /* AppDelegate.swift in Sources */ = {isa = PBXBuildFile; fileRef = 16F88F4C2D5487E200BF7CDE /* AppDelegate.swift */; };
		16F88F4F2D5487E200BF7CDE /* SceneDelegate.swift in Sources */ = {isa = PBXBuildFile; fileRef = 16F88F4E2D5487E200BF7CDE /* SceneDelegate.swift */; };
		16F88F642D5487E500BF7CDE /* MentoringProjectTests.swift in Sources */ = {isa = PBXBuildFile; fileRef = 16F88F632D5487E500BF7CDE /* MentoringProjectTests.swift */; };
		16F88F6E2D5487E500BF7CDE /* MentoringProjectUITests.swift in Sources */ = {isa = PBXBuildFile; fileRef = 16F88F6D2D5487E500BF7CDE /* MentoringProjectUITests.swift */; };
		16F88F702D5487E500BF7CDE /* MentoringProjectUITestsLaunchTests.swift in Sources */ = {isa = PBXBuildFile; fileRef = 16F88F6F2D5487E500BF7CDE /* MentoringProjectUITestsLaunchTests.swift */; };
		16F88FD52D548B3400BF7CDE /* HomeViewController.swift in Sources */ = {isa = PBXBuildFile; fileRef = 16F88FD42D548B3400BF7CDE /* HomeViewController.swift */; };
		16F88FD72D548B3A00BF7CDE /* HomeViewModel.swift in Sources */ = {isa = PBXBuildFile; fileRef = 16F88FD62D548B3A00BF7CDE /* HomeViewModel.swift */; };
/* End PBXBuildFile section */

/* Begin PBXContainerItemProxy section */
		16F88F602D5487E500BF7CDE /* PBXContainerItemProxy */ = {
			isa = PBXContainerItemProxy;
			containerPortal = 16F88F412D5487E200BF7CDE /* Project object */;
			proxyType = 1;
			remoteGlobalIDString = 16F88F482D5487E200BF7CDE;
			remoteInfo = MentoringProject;
		};
		16F88F6A2D5487E500BF7CDE /* PBXContainerItemProxy */ = {
			isa = PBXContainerItemProxy;
			containerPortal = 16F88F412D5487E200BF7CDE /* Project object */;
			proxyType = 1;
			remoteGlobalIDString = 16F88F482D5487E200BF7CDE;
			remoteInfo = MentoringProject;
		};
/* End PBXContainerItemProxy section */

/* Begin PBXFileReference section */
		164E03272D563A0E0029C7AD /* NavigationBarView.swift */ = {isa = PBXFileReference; lastKnownFileType = sourcecode.swift; path = NavigationBarView.swift; sourceTree = "<group>"; };
		164E032D2D563AA40029C7AD /* HistoryViewController.swift */ = {isa = PBXFileReference; fileEncoding = 4; lastKnownFileType = sourcecode.swift; path = HistoryViewController.swift; sourceTree = "<group>"; };
		164E03302D563AB20029C7AD /* BaseViewController.swift */ = {isa = PBXFileReference; fileEncoding = 4; lastKnownFileType = sourcecode.swift; path = BaseViewController.swift; sourceTree = "<group>"; };
		164E03322D563AC10029C7AD /* DescriptionView.swift */ = {isa = PBXFileReference; fileEncoding = 4; lastKnownFileType = sourcecode.swift; path = DescriptionView.swift; sourceTree = "<group>"; };
		164E03342D563AC50029C7AD /* TypingSpeedView.swift */ = {isa = PBXFileReference; fileEncoding = 4; lastKnownFileType = sourcecode.swift; path = TypingSpeedView.swift; sourceTree = "<group>"; };
		164E03362D563AE90029C7AD /* UITextView+lineSpacing.swift */ = {isa = PBXFileReference; fileEncoding = 4; lastKnownFileType = sourcecode.swift; path = "UITextView+lineSpacing.swift"; sourceTree = "<group>"; };
		164E03382D563CFB0029C7AD /* Preview.swift */ = {isa = PBXFileReference; lastKnownFileType = sourcecode.swift; path = Preview.swift; sourceTree = "<group>"; };
		16F5049A2D54AB2000EE67F0 /* Publisher+extension.swift */ = {isa = PBXFileReference; fileEncoding = 4; lastKnownFileType = sourcecode.swift; path = "Publisher+extension.swift"; sourceTree = "<group>"; };
		16F5049B2D54AB2000EE67F0 /* Collection+Index.swift */ = {isa = PBXFileReference; fileEncoding = 4; lastKnownFileType = sourcecode.swift; path = "Collection+Index.swift"; sourceTree = "<group>"; };
		16F5049C2D54AB2000EE67F0 /* Date+Formatted.swift */ = {isa = PBXFileReference; fileEncoding = 4; lastKnownFileType = sourcecode.swift; path = "Date+Formatted.swift"; sourceTree = "<group>"; };
		16F5049D2D54AB2000EE67F0 /* Future+Async.swift */ = {isa = PBXFileReference; fileEncoding = 4; lastKnownFileType = sourcecode.swift; path = "Future+Async.swift"; sourceTree = "<group>"; };
		16F5049E2D54AB2000EE67F0 /* Combine+BehaviorSubject.swift */ = {isa = PBXFileReference; fileEncoding = 4; lastKnownFileType = sourcecode.swift; path = "Combine+BehaviorSubject.swift"; sourceTree = "<group>"; };
		16F5049F2D54AB2000EE67F0 /* Date+KoreanStyleFormater.swift */ = {isa = PBXFileReference; fileEncoding = 4; lastKnownFileType = sourcecode.swift; path = "Date+KoreanStyleFormater.swift"; sourceTree = "<group>"; };
		16F504A72D54AB2800EE67F0 /* UICollectionView+register.swift */ = {isa = PBXFileReference; fileEncoding = 4; lastKnownFileType = sourcecode.swift; path = "UICollectionView+register.swift"; sourceTree = "<group>"; };
		16F504A82D54AB2800EE67F0 /* UIControl+combine.swift */ = {isa = PBXFileReference; fileEncoding = 4; lastKnownFileType = sourcecode.swift; path = "UIControl+combine.swift"; sourceTree = "<group>"; };
		16F504A92D54AB2800EE67F0 /* UIColor+hex.swift */ = {isa = PBXFileReference; fileEncoding = 4; lastKnownFileType = sourcecode.swift; path = "UIColor+hex.swift"; sourceTree = "<group>"; };
		16F504AA2D54AB2800EE67F0 /* UIFont+named.swift */ = {isa = PBXFileReference; fileEncoding = 4; lastKnownFileType = sourcecode.swift; path = "UIFont+named.swift"; sourceTree = "<group>"; };
		16F504AB2D54AB2800EE67F0 /* UITextField+placeholder.swift */ = {isa = PBXFileReference; fileEncoding = 4; lastKnownFileType = sourcecode.swift; path = "UITextField+placeholder.swift"; sourceTree = "<group>"; };
		16F504AC2D54AB2800EE67F0 /* UIView+autolayout.swift */ = {isa = PBXFileReference; fileEncoding = 4; lastKnownFileType = sourcecode.swift; path = "UIView+autolayout.swift"; sourceTree = "<group>"; };
		16F504AD2D54AB2800EE67F0 /* UIViewController+keyboard.swift */ = {isa = PBXFileReference; fileEncoding = 4; lastKnownFileType = sourcecode.swift; path = "UIViewController+keyboard.swift"; sourceTree = "<group>"; };
		16F504AE2D54AB2800EE67F0 /* UIColor+named.swift */ = {isa = PBXFileReference; fileEncoding = 4; lastKnownFileType = sourcecode.swift; path = "UIColor+named.swift"; sourceTree = "<group>"; };
		16F504AF2D54AB2800EE67F0 /* UITextView+estimatedSize.swift */ = {isa = PBXFileReference; fileEncoding = 4; lastKnownFileType = sourcecode.swift; path = "UITextView+estimatedSize.swift"; sourceTree = "<group>"; };
		16F504B02D54AB2800EE67F0 /* UIViewController+alert.swift */ = {isa = PBXFileReference; fileEncoding = 4; lastKnownFileType = sourcecode.swift; path = "UIViewController+alert.swift"; sourceTree = "<group>"; };
		16F504B12D54AB2800EE67F0 /* UIView+corner.swift */ = {isa = PBXFileReference; fileEncoding = 4; lastKnownFileType = sourcecode.swift; path = "UIView+corner.swift"; sourceTree = "<group>"; };
		16F504B22D54AB2800EE67F0 /* UILabel+estimatedSize.swift */ = {isa = PBXFileReference; fileEncoding = 4; lastKnownFileType = sourcecode.swift; path = "UILabel+estimatedSize.swift"; sourceTree = "<group>"; };
		16F504B32D54AB2800EE67F0 /* UIImage+named.swift */ = {isa = PBXFileReference; fileEncoding = 4; lastKnownFileType = sourcecode.swift; path = "UIImage+named.swift"; sourceTree = "<group>"; };
		16F504B42D54AB2800EE67F0 /* Keyboard+combine.swift */ = {isa = PBXFileReference; fileEncoding = 4; lastKnownFileType = sourcecode.swift; path = "Keyboard+combine.swift"; sourceTree = "<group>"; };
		16F504B52D54AB2800EE67F0 /* UIImageView+animation.swift */ = {isa = PBXFileReference; fileEncoding = 4; lastKnownFileType = sourcecode.swift; path = "UIImageView+animation.swift"; sourceTree = "<group>"; };
		16F504B62D54AB2800EE67F0 /* UIView+shadow.swift */ = {isa = PBXFileReference; fileEncoding = 4; lastKnownFileType = sourcecode.swift; path = "UIView+shadow.swift"; sourceTree = "<group>"; };
		16F504B72D54AB2800EE67F0 /* UIScreen+size.swift */ = {isa = PBXFileReference; fileEncoding = 4; lastKnownFileType = sourcecode.swift; path = "UIScreen+size.swift"; sourceTree = "<group>"; };
		16F504B82D54AB2800EE67F0 /* UITableView+register.swift */ = {isa = PBXFileReference; fileEncoding = 4; lastKnownFileType = sourcecode.swift; path = "UITableView+register.swift"; sourceTree = "<group>"; };
		16F504B92D54AB2800EE67F0 /* UIView+combine.swift */ = {isa = PBXFileReference; fileEncoding = 4; lastKnownFileType = sourcecode.swift; path = "UIView+combine.swift"; sourceTree = "<group>"; };
		16F504D02D54AD6000EE67F0 /* Assets.xcassets */ = {isa = PBXFileReference; lastKnownFileType = folder.assetcatalog; path = Assets.xcassets; sourceTree = "<group>"; };
		16F504D52D54B00600EE67F0 /* Pretendard-Regular.otf */ = {isa = PBXFileReference; lastKnownFileType = file; path = "Pretendard-Regular.otf"; sourceTree = "<group>"; };
		16F504D62D54B00600EE67F0 /* NanumMyeongjoExtraBold.otf */ = {isa = PBXFileReference; lastKnownFileType = file; path = NanumMyeongjoExtraBold.otf; sourceTree = "<group>"; };
		16F504D72D54B00600EE67F0 /* Pretendard-Black.otf */ = {isa = PBXFileReference; lastKnownFileType = file; path = "Pretendard-Black.otf"; sourceTree = "<group>"; };
		16F504D82D54B00600EE67F0 /* Pretendard-Medium.otf */ = {isa = PBXFileReference; lastKnownFileType = file; path = "Pretendard-Medium.otf"; sourceTree = "<group>"; };
		16F504D92D54B00600EE67F0 /* NanumMyeongjo.otf */ = {isa = PBXFileReference; lastKnownFileType = file; path = NanumMyeongjo.otf; sourceTree = "<group>"; };
		16F504DA2D54B00600EE67F0 /* NanumMyeongjoBold.otf */ = {isa = PBXFileReference; lastKnownFileType = file; path = NanumMyeongjoBold.otf; sourceTree = "<group>"; };
		16F504DB2D54B00600EE67F0 /* Pretendard-Light.otf */ = {isa = PBXFileReference; lastKnownFileType = file; path = "Pretendard-Light.otf"; sourceTree = "<group>"; };
		16F504DC2D54B00600EE67F0 /* Pretendard-ExtraBold.otf */ = {isa = PBXFileReference; lastKnownFileType = file; path = "Pretendard-ExtraBold.otf"; sourceTree = "<group>"; };
		16F504DD2D54B00600EE67F0 /* Pretendard-Bold.otf */ = {isa = PBXFileReference; lastKnownFileType = file; path = "Pretendard-Bold.otf"; sourceTree = "<group>"; };
		16F504DE2D54B00600EE67F0 /* Pretendard-Thin.otf */ = {isa = PBXFileReference; lastKnownFileType = file; path = "Pretendard-Thin.otf"; sourceTree = "<group>"; };
		16F504DF2D54B00600EE67F0 /* Pretendard-ExtraLight.otf */ = {isa = PBXFileReference; lastKnownFileType = file; path = "Pretendard-ExtraLight.otf"; sourceTree = "<group>"; };
		16F504E02D54B00600EE67F0 /* Pretendard-SemiBold.otf */ = {isa = PBXFileReference; lastKnownFileType = file; path = "Pretendard-SemiBold.otf"; sourceTree = "<group>"; };
		16F6009F2D62F8F200A66456 /* SummaryViewController.swift */ = {isa = PBXFileReference; lastKnownFileType = sourcecode.swift; path = SummaryViewController.swift; sourceTree = "<group>"; };
		16F600A12D62F91200A66456 /* BaseView.swift */ = {isa = PBXFileReference; lastKnownFileType = sourcecode.swift; path = BaseView.swift; sourceTree = "<group>"; };
		16F600A32D62F9AA00A66456 /* SummaryView.swift */ = {isa = PBXFileReference; lastKnownFileType = sourcecode.swift; path = SummaryView.swift; sourceTree = "<group>"; };
		16F601302D631DEB00A66456 /* PaddedLabel.swift */ = {isa = PBXFileReference; lastKnownFileType = sourcecode.swift; path = PaddedLabel.swift; sourceTree = "<group>"; };
		16F601342D6352AA00A66456 /* SummaryHeaderView.swift */ = {isa = PBXFileReference; lastKnownFileType = sourcecode.swift; path = SummaryHeaderView.swift; sourceTree = "<group>"; };
		16F601362D63538E00A66456 /* SummaryPerformanceView.swift */ = {isa = PBXFileReference; lastKnownFileType = sourcecode.swift; path = SummaryPerformanceView.swift; sourceTree = "<group>"; };
		16F601382D63541100A66456 /* SummaryReferenceView.swift */ = {isa = PBXFileReference; lastKnownFileType = sourcecode.swift; path = SummaryReferenceView.swift; sourceTree = "<group>"; };
		16F6FABC2D5B287B00A66456 /* TypingSpeedModel.swift */ = {isa = PBXFileReference; lastKnownFileType = sourcecode.swift; path = TypingSpeedModel.swift; sourceTree = "<group>"; };
		16F6FABE2D5B28BF00A66456 /* TypingSpeedCalculator.swift */ = {isa = PBXFileReference; lastKnownFileType = sourcecode.swift; name = TypingSpeedCalculator.swift; path = MentoringProject/Source/Models/TypingSpeedCalculator.swift; sourceTree = SOURCE_ROOT; };
		16F6FAC02D5B2BC300A66456 /* TimerManager.swift */ = {isa = PBXFileReference; lastKnownFileType = sourcecode.swift; name = TimerManager.swift; path = MentoringProject/Source/Models/TimerManager.swift; sourceTree = SOURCE_ROOT; };
		16F6FAC22D5B31C400A66456 /* TypingValidator.swift */ = {isa = PBXFileReference; lastKnownFileType = sourcecode.swift; path = TypingValidator.swift; sourceTree = "<group>"; };
		16F6FAC62D5B435200A66456 /* TimeInterval+convertTime.swift */ = {isa = PBXFileReference; lastKnownFileType = sourcecode.swift; path = "TimeInterval+convertTime.swift"; sourceTree = "<group>"; };
		16F88F492D5487E200BF7CDE /* MentoringProject.app */ = {isa = PBXFileReference; explicitFileType = wrapper.application; includeInIndex = 0; path = MentoringProject.app; sourceTree = BUILT_PRODUCTS_DIR; };
		16F88F4C2D5487E200BF7CDE /* AppDelegate.swift */ = {isa = PBXFileReference; lastKnownFileType = sourcecode.swift; path = AppDelegate.swift; sourceTree = "<group>"; };
		16F88F4E2D5487E200BF7CDE /* SceneDelegate.swift */ = {isa = PBXFileReference; lastKnownFileType = sourcecode.swift; path = SceneDelegate.swift; sourceTree = "<group>"; };
		16F88F582D5487E400BF7CDE /* Base */ = {isa = PBXFileReference; lastKnownFileType = file.storyboard; name = Base; path = Base.lproj/LaunchScreen.storyboard; sourceTree = "<group>"; };
		16F88F5A2D5487E400BF7CDE /* Info.plist */ = {isa = PBXFileReference; lastKnownFileType = text.plist.xml; path = Info.plist; sourceTree = "<group>"; };
		16F88F5F2D5487E500BF7CDE /* MentoringProjectTests.xctest */ = {isa = PBXFileReference; explicitFileType = wrapper.cfbundle; includeInIndex = 0; path = MentoringProjectTests.xctest; sourceTree = BUILT_PRODUCTS_DIR; };
		16F88F632D5487E500BF7CDE /* MentoringProjectTests.swift */ = {isa = PBXFileReference; lastKnownFileType = sourcecode.swift; path = MentoringProjectTests.swift; sourceTree = "<group>"; };
		16F88F692D5487E500BF7CDE /* MentoringProjectUITests.xctest */ = {isa = PBXFileReference; explicitFileType = wrapper.cfbundle; includeInIndex = 0; path = MentoringProjectUITests.xctest; sourceTree = BUILT_PRODUCTS_DIR; };
		16F88F6D2D5487E500BF7CDE /* MentoringProjectUITests.swift */ = {isa = PBXFileReference; lastKnownFileType = sourcecode.swift; path = MentoringProjectUITests.swift; sourceTree = "<group>"; };
		16F88F6F2D5487E500BF7CDE /* MentoringProjectUITestsLaunchTests.swift */ = {isa = PBXFileReference; lastKnownFileType = sourcecode.swift; path = MentoringProjectUITestsLaunchTests.swift; sourceTree = "<group>"; };
		16F88FD42D548B3400BF7CDE /* HomeViewController.swift */ = {isa = PBXFileReference; lastKnownFileType = sourcecode.swift; path = HomeViewController.swift; sourceTree = "<group>"; };
		16F88FD62D548B3A00BF7CDE /* HomeViewModel.swift */ = {isa = PBXFileReference; lastKnownFileType = sourcecode.swift; path = HomeViewModel.swift; sourceTree = "<group>"; };
/* End PBXFileReference section */

/* Begin PBXFrameworksBuildPhase section */
		16F88F462D5487E200BF7CDE /* Frameworks */ = {
			isa = PBXFrameworksBuildPhase;
			buildActionMask = 2147483647;
			files = (
			);
			runOnlyForDeploymentPostprocessing = 0;
		};
		16F88F5C2D5487E500BF7CDE /* Frameworks */ = {
			isa = PBXFrameworksBuildPhase;
			buildActionMask = 2147483647;
			files = (
			);
			runOnlyForDeploymentPostprocessing = 0;
		};
		16F88F662D5487E500BF7CDE /* Frameworks */ = {
			isa = PBXFrameworksBuildPhase;
			buildActionMask = 2147483647;
			files = (
			);
			runOnlyForDeploymentPostprocessing = 0;
		};
/* End PBXFrameworksBuildPhase section */

/* Begin PBXGroup section */
		164E032F2D563AB20029C7AD /* Base */ = {
			isa = PBXGroup;
			children = (
				164E03302D563AB20029C7AD /* BaseViewController.swift */,
				16F600A12D62F91200A66456 /* BaseView.swift */,
			);
			name = Base;
			path = MentoringProject/Source/Scenes/Base;
			sourceTree = SOURCE_ROOT;
		};
		16F504992D54AB2000EE67F0 /* Extension */ = {
			isa = PBXGroup;
			children = (
				16F5049B2D54AB2000EE67F0 /* Collection+Index.swift */,
				16F5049E2D54AB2000EE67F0 /* Combine+BehaviorSubject.swift */,
				16F5049C2D54AB2000EE67F0 /* Date+Formatted.swift */,
				16F5049F2D54AB2000EE67F0 /* Date+KoreanStyleFormater.swift */,
				16F5049D2D54AB2000EE67F0 /* Future+Async.swift */,
				16F5049A2D54AB2000EE67F0 /* Publisher+extension.swift */,
			);
			path = Extension;
			sourceTree = "<group>";
		};
		16F504A62D54AB2800EE67F0 /* UIExtension */ = {
			isa = PBXGroup;
			children = (
				16F504B42D54AB2800EE67F0 /* Keyboard+combine.swift */,
				16F504A72D54AB2800EE67F0 /* UICollectionView+register.swift */,
				16F504A92D54AB2800EE67F0 /* UIColor+hex.swift */,
				16F504AE2D54AB2800EE67F0 /* UIColor+named.swift */,
				16F504A82D54AB2800EE67F0 /* UIControl+combine.swift */,
				16F504AA2D54AB2800EE67F0 /* UIFont+named.swift */,
				16F504B32D54AB2800EE67F0 /* UIImage+named.swift */,
				16F504B52D54AB2800EE67F0 /* UIImageView+animation.swift */,
				16F504B22D54AB2800EE67F0 /* UILabel+estimatedSize.swift */,
				16F504B72D54AB2800EE67F0 /* UIScreen+size.swift */,
				16F504B82D54AB2800EE67F0 /* UITableView+register.swift */,
				16F504AB2D54AB2800EE67F0 /* UITextField+placeholder.swift */,
				16F504AF2D54AB2800EE67F0 /* UITextView+estimatedSize.swift */,
				16F504AC2D54AB2800EE67F0 /* UIView+autolayout.swift */,
				16F504B92D54AB2800EE67F0 /* UIView+combine.swift */,
				16F504B12D54AB2800EE67F0 /* UIView+corner.swift */,
				16F504B62D54AB2800EE67F0 /* UIView+shadow.swift */,
				16F504B02D54AB2800EE67F0 /* UIViewController+alert.swift */,
				16F504AD2D54AB2800EE67F0 /* UIViewController+keyboard.swift */,
			);
			path = UIExtension;
			sourceTree = "<group>";
		};
		16F504D42D54B00600EE67F0 /* Fonts */ = {
			isa = PBXGroup;
			children = (
				16F504D52D54B00600EE67F0 /* Pretendard-Regular.otf */,
				16F504D62D54B00600EE67F0 /* NanumMyeongjoExtraBold.otf */,
				16F504D72D54B00600EE67F0 /* Pretendard-Black.otf */,
				16F504D82D54B00600EE67F0 /* Pretendard-Medium.otf */,
				16F504D92D54B00600EE67F0 /* NanumMyeongjo.otf */,
				16F504DA2D54B00600EE67F0 /* NanumMyeongjoBold.otf */,
				16F504DB2D54B00600EE67F0 /* Pretendard-Light.otf */,
				16F504DC2D54B00600EE67F0 /* Pretendard-ExtraBold.otf */,
				16F504DD2D54B00600EE67F0 /* Pretendard-Bold.otf */,
				16F504DE2D54B00600EE67F0 /* Pretendard-Thin.otf */,
				16F504DF2D54B00600EE67F0 /* Pretendard-ExtraLight.otf */,
				16F504E02D54B00600EE67F0 /* Pretendard-SemiBold.otf */,
			);
			path = Fonts;
			sourceTree = "<group>";
		};
		16F6009C2D62F8CE00A66456 /* Summary */ = {
			isa = PBXGroup;
			children = (
				16F6009F2D62F8F200A66456 /* SummaryViewController.swift */,
				16F6009E2D62F8DC00A66456 /* ViewModel */,
				16F6009D2D62F8D800A66456 /* View */,
			);
			path = Summary;
			sourceTree = "<group>";
		};
		16F6009D2D62F8D800A66456 /* View */ = {
			isa = PBXGroup;
			children = (
				16F600A32D62F9AA00A66456 /* SummaryView.swift */,
				16F601342D6352AA00A66456 /* SummaryHeaderView.swift */,
				16F601362D63538E00A66456 /* SummaryPerformanceView.swift */,
				16F601382D63541100A66456 /* SummaryReferenceView.swift */,
			);
			path = View;
			sourceTree = "<group>";
		};
		16F6009E2D62F8DC00A66456 /* ViewModel */ = {
			isa = PBXGroup;
			children = (
			);
			path = ViewModel;
			sourceTree = "<group>";
		};
		16F6012F2D631DD900A66456 /* UIComponents */ = {
			isa = PBXGroup;
			children = (
				164E03272D563A0E0029C7AD /* NavigationBarView.swift */,
				16F601302D631DEB00A66456 /* PaddedLabel.swift */,
			);
			path = UIComponents;
			sourceTree = "<group>";
		};
		16F6FABA2D5B274C00A66456 /* History */ = {
			isa = PBXGroup;
			children = (
				164E032D2D563AA40029C7AD /* HistoryViewController.swift */,
			);
			path = History;
			sourceTree = "<group>";
		};
		16F6FABB2D5B284E00A66456 /* Helpers */ = {
			isa = PBXGroup;
			children = (
				16F6FAC22D5B31C400A66456 /* TypingValidator.swift */,
				16F6FABE2D5B28BF00A66456 /* TypingSpeedCalculator.swift */,
				16F6FAC02D5B2BC300A66456 /* TimerManager.swift */,
			);
			path = Helpers;
			sourceTree = "<group>";
		};
		16F88F402D5487E200BF7CDE = {
			isa = PBXGroup;
			children = (
				16F88F4B2D5487E200BF7CDE /* MentoringProject */,
				16F88F622D5487E500BF7CDE /* MentoringProjectTests */,
				16F88F6C2D5487E500BF7CDE /* MentoringProjectUITests */,
				16F88F4A2D5487E200BF7CDE /* Products */,
			);
			sourceTree = "<group>";
		};
		16F88F4A2D5487E200BF7CDE /* Products */ = {
			isa = PBXGroup;
			children = (
				16F88F492D5487E200BF7CDE /* MentoringProject.app */,
				16F88F5F2D5487E500BF7CDE /* MentoringProjectTests.xctest */,
				16F88F692D5487E500BF7CDE /* MentoringProjectUITests.xctest */,
			);
			name = Products;
			sourceTree = "<group>";
		};
		16F88F4B2D5487E200BF7CDE /* MentoringProject */ = {
			isa = PBXGroup;
			children = (
				16F88F7D2D5489BF00BF7CDE /* Application */,
				16F88F7F2D548A0B00BF7CDE /* Resource */,
				16F88F802D548A1400BF7CDE /* Source */,
			);
			path = MentoringProject;
			sourceTree = "<group>";
		};
		16F88F622D5487E500BF7CDE /* MentoringProjectTests */ = {
			isa = PBXGroup;
			children = (
				16F88F632D5487E500BF7CDE /* MentoringProjectTests.swift */,
			);
			path = MentoringProjectTests;
			sourceTree = "<group>";
		};
		16F88F6C2D5487E500BF7CDE /* MentoringProjectUITests */ = {
			isa = PBXGroup;
			children = (
				16F88F6D2D5487E500BF7CDE /* MentoringProjectUITests.swift */,
				16F88F6F2D5487E500BF7CDE /* MentoringProjectUITestsLaunchTests.swift */,
			);
			path = MentoringProjectUITests;
			sourceTree = "<group>";
		};
		16F88F7C2D5489B400BF7CDE /* Scenes */ = {
			isa = PBXGroup;
			children = (
				164E032F2D563AB20029C7AD /* Base */,
				16F6FABA2D5B274C00A66456 /* History */,
				16F88FD12D548B1200BF7CDE /* Home */,
				16F6009C2D62F8CE00A66456 /* Summary */,
			);
			path = Scenes;
			sourceTree = "<group>";
		};
		16F88F7D2D5489BF00BF7CDE /* Application */ = {
			isa = PBXGroup;
			children = (
				16F88F4C2D5487E200BF7CDE /* AppDelegate.swift */,
				16F88F4E2D5487E200BF7CDE /* SceneDelegate.swift */,
			);
			path = Application;
			sourceTree = "<group>";
		};
		16F88F7E2D5489C600BF7CDE /* Models */ = {
			isa = PBXGroup;
			children = (
				16F6FABC2D5B287B00A66456 /* TypingSpeedModel.swift */,
			);
			path = Models;
			sourceTree = "<group>";
		};
		16F88F7F2D548A0B00BF7CDE /* Resource */ = {
			isa = PBXGroup;
			children = (
				16F504D42D54B00600EE67F0 /* Fonts */,
				16F504D02D54AD6000EE67F0 /* Assets.xcassets */,
				16F88F5A2D5487E400BF7CDE /* Info.plist */,
				16F88F572D5487E400BF7CDE /* LaunchScreen.storyboard */,
			);
			path = Resource;
			sourceTree = "<group>";
		};
		16F88F802D548A1400BF7CDE /* Source */ = {
			isa = PBXGroup;
			children = (
				16F6012F2D631DD900A66456 /* UIComponents */,
				16F88F812D548A3000BF7CDE /* Utils */,
				16F88F7E2D5489C600BF7CDE /* Models */,
				16F88F7C2D5489B400BF7CDE /* Scenes */,
			);
			path = Source;
			sourceTree = "<group>";
		};
		16F88F812D548A3000BF7CDE /* Utils */ = {
			isa = PBXGroup;
			children = (
				16F88F832D548A6200BF7CDE /* Extensions */,
				164E03382D563CFB0029C7AD /* Preview.swift */,
			);
			path = Utils;
			sourceTree = "<group>";
		};
		16F88F832D548A6200BF7CDE /* Extensions */ = {
			isa = PBXGroup;
			children = (
				164E03362D563AE90029C7AD /* UITextView+lineSpacing.swift */,
				16F6FAC62D5B435200A66456 /* TimeInterval+convertTime.swift */,
				16F504A62D54AB2800EE67F0 /* UIExtension */,
				16F504992D54AB2000EE67F0 /* Extension */,
			);
			path = Extensions;
			sourceTree = "<group>";
		};
		16F88FD12D548B1200BF7CDE /* Home */ = {
			isa = PBXGroup;
			children = (
				16F88FD42D548B3400BF7CDE /* HomeViewController.swift */,
				16F6FABB2D5B284E00A66456 /* Helpers */,
				16F88FD22D548B1A00BF7CDE /* View */,
				16F88FD32D548B2300BF7CDE /* ViewModel */,
			);
			path = Home;
			sourceTree = "<group>";
		};
		16F88FD22D548B1A00BF7CDE /* View */ = {
			isa = PBXGroup;
			children = (
				164E03342D563AC50029C7AD /* TypingSpeedView.swift */,
				164E03322D563AC10029C7AD /* DescriptionView.swift */,
			);
			path = View;
			sourceTree = "<group>";
		};
		16F88FD32D548B2300BF7CDE /* ViewModel */ = {
			isa = PBXGroup;
			children = (
				16F88FD62D548B3A00BF7CDE /* HomeViewModel.swift */,
			);
			path = ViewModel;
			sourceTree = "<group>";
		};
/* End PBXGroup section */

/* Begin PBXNativeTarget section */
		16F88F482D5487E200BF7CDE /* MentoringProject */ = {
			isa = PBXNativeTarget;
			buildConfigurationList = 16F88F732D5487E500BF7CDE /* Build configuration list for PBXNativeTarget "MentoringProject" */;
			buildPhases = (
				16F88F452D5487E200BF7CDE /* Sources */,
				16F88F462D5487E200BF7CDE /* Frameworks */,
				16F88F472D5487E200BF7CDE /* Resources */,
			);
			buildRules = (
			);
			dependencies = (
			);
			name = MentoringProject;
			productName = MentoringProject;
			productReference = 16F88F492D5487E200BF7CDE /* MentoringProject.app */;
			productType = "com.apple.product-type.application";
		};
		16F88F5E2D5487E500BF7CDE /* MentoringProjectTests */ = {
			isa = PBXNativeTarget;
			buildConfigurationList = 16F88F762D5487E500BF7CDE /* Build configuration list for PBXNativeTarget "MentoringProjectTests" */;
			buildPhases = (
				16F88F5B2D5487E500BF7CDE /* Sources */,
				16F88F5C2D5487E500BF7CDE /* Frameworks */,
				16F88F5D2D5487E500BF7CDE /* Resources */,
			);
			buildRules = (
			);
			dependencies = (
				16F88F612D5487E500BF7CDE /* PBXTargetDependency */,
			);
			name = MentoringProjectTests;
			productName = MentoringProjectTests;
			productReference = 16F88F5F2D5487E500BF7CDE /* MentoringProjectTests.xctest */;
			productType = "com.apple.product-type.bundle.unit-test";
		};
		16F88F682D5487E500BF7CDE /* MentoringProjectUITests */ = {
			isa = PBXNativeTarget;
			buildConfigurationList = 16F88F792D5487E500BF7CDE /* Build configuration list for PBXNativeTarget "MentoringProjectUITests" */;
			buildPhases = (
				16F88F652D5487E500BF7CDE /* Sources */,
				16F88F662D5487E500BF7CDE /* Frameworks */,
				16F88F672D5487E500BF7CDE /* Resources */,
			);
			buildRules = (
			);
			dependencies = (
				16F88F6B2D5487E500BF7CDE /* PBXTargetDependency */,
			);
			name = MentoringProjectUITests;
			productName = MentoringProjectUITests;
			productReference = 16F88F692D5487E500BF7CDE /* MentoringProjectUITests.xctest */;
			productType = "com.apple.product-type.bundle.ui-testing";
		};
/* End PBXNativeTarget section */

/* Begin PBXProject section */
		16F88F412D5487E200BF7CDE /* Project object */ = {
			isa = PBXProject;
			attributes = {
				BuildIndependentTargetsInParallel = 1;
				LastSwiftUpdateCheck = 1500;
				LastUpgradeCheck = 1500;
				TargetAttributes = {
					16F88F482D5487E200BF7CDE = {
						CreatedOnToolsVersion = 15.0;
					};
					16F88F5E2D5487E500BF7CDE = {
						CreatedOnToolsVersion = 15.0;
						TestTargetID = 16F88F482D5487E200BF7CDE;
					};
					16F88F682D5487E500BF7CDE = {
						CreatedOnToolsVersion = 15.0;
						TestTargetID = 16F88F482D5487E200BF7CDE;
					};
				};
			};
			buildConfigurationList = 16F88F442D5487E200BF7CDE /* Build configuration list for PBXProject "MentoringProject" */;
			compatibilityVersion = "Xcode 14.0";
			developmentRegion = en;
			hasScannedForEncodings = 0;
			knownRegions = (
				en,
				Base,
			);
			mainGroup = 16F88F402D5487E200BF7CDE;
			productRefGroup = 16F88F4A2D5487E200BF7CDE /* Products */;
			projectDirPath = "";
			projectRoot = "";
			targets = (
				16F88F482D5487E200BF7CDE /* MentoringProject */,
				16F88F5E2D5487E500BF7CDE /* MentoringProjectTests */,
				16F88F682D5487E500BF7CDE /* MentoringProjectUITests */,
			);
		};
/* End PBXProject section */

/* Begin PBXResourcesBuildPhase section */
		16F88F472D5487E200BF7CDE /* Resources */ = {
			isa = PBXResourcesBuildPhase;
			buildActionMask = 2147483647;
			files = (
				16F504ED2D54B01E00EE67F0 /* LaunchScreen.storyboard in Resources */,
				16F504D12D54AD6000EE67F0 /* Assets.xcassets in Resources */,
				16F504E92D54B00600EE67F0 /* Pretendard-Bold.otf in Resources */,
				16F504E72D54B00600EE67F0 /* Pretendard-Light.otf in Resources */,
				16F504EC2D54B00600EE67F0 /* Pretendard-SemiBold.otf in Resources */,
				16F504E82D54B00600EE67F0 /* Pretendard-ExtraBold.otf in Resources */,
				16F504E42D54B00600EE67F0 /* Pretendard-Medium.otf in Resources */,
				16F504E22D54B00600EE67F0 /* NanumMyeongjoExtraBold.otf in Resources */,
				16F504EB2D54B00600EE67F0 /* Pretendard-ExtraLight.otf in Resources */,
				16F504E52D54B00600EE67F0 /* NanumMyeongjo.otf in Resources */,
				16F504E62D54B00600EE67F0 /* NanumMyeongjoBold.otf in Resources */,
				16F504E32D54B00600EE67F0 /* Pretendard-Black.otf in Resources */,
				16F504EA2D54B00600EE67F0 /* Pretendard-Thin.otf in Resources */,
				16F504E12D54B00600EE67F0 /* Pretendard-Regular.otf in Resources */,
			);
			runOnlyForDeploymentPostprocessing = 0;
		};
		16F88F5D2D5487E500BF7CDE /* Resources */ = {
			isa = PBXResourcesBuildPhase;
			buildActionMask = 2147483647;
			files = (
			);
			runOnlyForDeploymentPostprocessing = 0;
		};
		16F88F672D5487E500BF7CDE /* Resources */ = {
			isa = PBXResourcesBuildPhase;
			buildActionMask = 2147483647;
			files = (
			);
			runOnlyForDeploymentPostprocessing = 0;
		};
/* End PBXResourcesBuildPhase section */

/* Begin PBXSourcesBuildPhase section */
		16F88F452D5487E200BF7CDE /* Sources */ = {
			isa = PBXSourcesBuildPhase;
			buildActionMask = 2147483647;
			files = (
				16F504D32D54AF2200EE67F0 /* UIImage+named.swift in Sources */,
				164E03352D563AC50029C7AD /* TypingSpeedView.swift in Sources */,
				164E03372D563AE90029C7AD /* UITextView+lineSpacing.swift in Sources */,
				16F504D22D54AF1E00EE67F0 /* UIColor+named.swift in Sources */,
				16F504C42D54AB2800EE67F0 /* UIView+corner.swift in Sources */,
				16F88F4D2D5487E200BF7CDE /* AppDelegate.swift in Sources */,
				16F504A32D54AB2000EE67F0 /* Future+Async.swift in Sources */,
				16F504C02D54AB2800EE67F0 /* UIViewController+keyboard.swift in Sources */,
				16F504A02D54AB2000EE67F0 /* Publisher+extension.swift in Sources */,
				16F88FD72D548B3A00BF7CDE /* HomeViewModel.swift in Sources */,
				16F504BE2D54AB2800EE67F0 /* UITextField+placeholder.swift in Sources */,
				16F504BA2D54AB2800EE67F0 /* UICollectionView+register.swift in Sources */,
				16F504A42D54AB2000EE67F0 /* Combine+BehaviorSubject.swift in Sources */,
				16F88FD52D548B3400BF7CDE /* HomeViewController.swift in Sources */,
				16F6FABF2D5B28BF00A66456 /* TypingSpeedCalculator.swift in Sources */,
				16F504CB2D54AB2800EE67F0 /* UITableView+register.swift in Sources */,
				164E03312D563AB20029C7AD /* BaseViewController.swift in Sources */,
				16F504CC2D54AB2800EE67F0 /* UIView+combine.swift in Sources */,
				16F600A02D62F8F200A66456 /* SummaryViewController.swift in Sources */,
				16F6FAC12D5B2BC300A66456 /* TimerManager.swift in Sources */,
				16F504C72D54AB2800EE67F0 /* Keyboard+combine.swift in Sources */,
				164E03282D563A0E0029C7AD /* NavigationBarView.swift in Sources */,
				16F504CA2D54AB2800EE67F0 /* UIScreen+size.swift in Sources */,
				16F6FABD2D5B287B00A66456 /* TypingSpeedModel.swift in Sources */,
				164E03332D563AC10029C7AD /* DescriptionView.swift in Sources */,
				16F6FAC72D5B435200A66456 /* TimeInterval+convertTime.swift in Sources */,
				164E032E2D563AA40029C7AD /* HistoryViewController.swift in Sources */,
				16F504C52D54AB2800EE67F0 /* UILabel+estimatedSize.swift in Sources */,
				16F504C82D54AB2800EE67F0 /* UIImageView+animation.swift in Sources */,
				16F504A12D54AB2000EE67F0 /* Collection+Index.swift in Sources */,
				16F504A22D54AB2000EE67F0 /* Date+Formatted.swift in Sources */,
				16F504BB2D54AB2800EE67F0 /* UIControl+combine.swift in Sources */,
				16F600A22D62F91200A66456 /* BaseView.swift in Sources */,
				16F88F4F2D5487E200BF7CDE /* SceneDelegate.swift in Sources */,
				16F601312D631DEB00A66456 /* PaddedLabel.swift in Sources */,
				16F601352D6352AA00A66456 /* SummaryHeaderView.swift in Sources */,
				16F504C22D54AB2800EE67F0 /* UITextView+estimatedSize.swift in Sources */,
				16F504A52D54AB2000EE67F0 /* Date+KoreanStyleFormater.swift in Sources */,
				16F601372D63538E00A66456 /* SummaryPerformanceView.swift in Sources */,
				16F6FAC32D5B31C600A66456 /* TypingValidator.swift in Sources */,
				16F504C92D54AB2800EE67F0 /* UIView+shadow.swift in Sources */,
				16F600A42D62F9AA00A66456 /* SummaryView.swift in Sources */,
				16F504BF2D54AB2800EE67F0 /* UIView+autolayout.swift in Sources */,
				16F504BD2D54AB2800EE67F0 /* UIFont+named.swift in Sources */,
				16F504BC2D54AB2800EE67F0 /* UIColor+hex.swift in Sources */,
				16F601392D63541100A66456 /* SummaryReferenceView.swift in Sources */,
				164E03392D563CFB0029C7AD /* Preview.swift in Sources */,
				16F504C32D54AB2800EE67F0 /* UIViewController+alert.swift in Sources */,
			);
			runOnlyForDeploymentPostprocessing = 0;
		};
		16F88F5B2D5487E500BF7CDE /* Sources */ = {
			isa = PBXSourcesBuildPhase;
			buildActionMask = 2147483647;
			files = (
				16F88F642D5487E500BF7CDE /* MentoringProjectTests.swift in Sources */,
			);
			runOnlyForDeploymentPostprocessing = 0;
		};
		16F88F652D5487E500BF7CDE /* Sources */ = {
			isa = PBXSourcesBuildPhase;
			buildActionMask = 2147483647;
			files = (
				16F88F702D5487E500BF7CDE /* MentoringProjectUITestsLaunchTests.swift in Sources */,
				16F88F6E2D5487E500BF7CDE /* MentoringProjectUITests.swift in Sources */,
			);
			runOnlyForDeploymentPostprocessing = 0;
		};
/* End PBXSourcesBuildPhase section */

/* Begin PBXTargetDependency section */
		16F88F612D5487E500BF7CDE /* PBXTargetDependency */ = {
			isa = PBXTargetDependency;
			target = 16F88F482D5487E200BF7CDE /* MentoringProject */;
			targetProxy = 16F88F602D5487E500BF7CDE /* PBXContainerItemProxy */;
		};
		16F88F6B2D5487E500BF7CDE /* PBXTargetDependency */ = {
			isa = PBXTargetDependency;
			target = 16F88F482D5487E200BF7CDE /* MentoringProject */;
			targetProxy = 16F88F6A2D5487E500BF7CDE /* PBXContainerItemProxy */;
		};
/* End PBXTargetDependency section */

/* Begin PBXVariantGroup section */
		16F88F572D5487E400BF7CDE /* LaunchScreen.storyboard */ = {
			isa = PBXVariantGroup;
			children = (
				16F88F582D5487E400BF7CDE /* Base */,
			);
			name = LaunchScreen.storyboard;
			sourceTree = "<group>";
		};
/* End PBXVariantGroup section */

/* Begin XCBuildConfiguration section */
		16F88F712D5487E500BF7CDE /* Debug */ = {
			isa = XCBuildConfiguration;
			buildSettings = {
				ALWAYS_SEARCH_USER_PATHS = NO;
				ASSETCATALOG_COMPILER_GENERATE_ASSET_SYMBOLS = NO;
				ASSETCATALOG_COMPILER_GENERATE_SWIFT_ASSET_SYMBOL_EXTENSIONS = YES;
				CLANG_ANALYZER_NONNULL = YES;
				CLANG_ANALYZER_NUMBER_OBJECT_CONVERSION = YES_AGGRESSIVE;
				CLANG_CXX_LANGUAGE_STANDARD = "gnu++20";
				CLANG_ENABLE_MODULES = YES;
				CLANG_ENABLE_OBJC_ARC = YES;
				CLANG_ENABLE_OBJC_WEAK = YES;
				CLANG_WARN_BLOCK_CAPTURE_AUTORELEASING = YES;
				CLANG_WARN_BOOL_CONVERSION = YES;
				CLANG_WARN_COMMA = YES;
				CLANG_WARN_CONSTANT_CONVERSION = YES;
				CLANG_WARN_DEPRECATED_OBJC_IMPLEMENTATIONS = YES;
				CLANG_WARN_DIRECT_OBJC_ISA_USAGE = YES_ERROR;
				CLANG_WARN_DOCUMENTATION_COMMENTS = YES;
				CLANG_WARN_EMPTY_BODY = YES;
				CLANG_WARN_ENUM_CONVERSION = YES;
				CLANG_WARN_INFINITE_RECURSION = YES;
				CLANG_WARN_INT_CONVERSION = YES;
				CLANG_WARN_NON_LITERAL_NULL_CONVERSION = YES;
				CLANG_WARN_OBJC_IMPLICIT_RETAIN_SELF = YES;
				CLANG_WARN_OBJC_LITERAL_CONVERSION = YES;
				CLANG_WARN_OBJC_ROOT_CLASS = YES_ERROR;
				CLANG_WARN_QUOTED_INCLUDE_IN_FRAMEWORK_HEADER = YES;
				CLANG_WARN_RANGE_LOOP_ANALYSIS = YES;
				CLANG_WARN_STRICT_PROTOTYPES = YES;
				CLANG_WARN_SUSPICIOUS_MOVE = YES;
				CLANG_WARN_UNGUARDED_AVAILABILITY = YES_AGGRESSIVE;
				CLANG_WARN_UNREACHABLE_CODE = YES;
				CLANG_WARN__DUPLICATE_METHOD_MATCH = YES;
				COPY_PHASE_STRIP = NO;
				DEBUG_INFORMATION_FORMAT = dwarf;
				ENABLE_STRICT_OBJC_MSGSEND = YES;
				ENABLE_TESTABILITY = YES;
				ENABLE_USER_SCRIPT_SANDBOXING = YES;
				GCC_C_LANGUAGE_STANDARD = gnu17;
				GCC_DYNAMIC_NO_PIC = NO;
				GCC_NO_COMMON_BLOCKS = YES;
				GCC_OPTIMIZATION_LEVEL = 0;
				GCC_PREPROCESSOR_DEFINITIONS = (
					"DEBUG=1",
					"$(inherited)",
				);
				GCC_WARN_64_TO_32_BIT_CONVERSION = YES;
				GCC_WARN_ABOUT_RETURN_TYPE = YES_ERROR;
				GCC_WARN_UNDECLARED_SELECTOR = YES;
				GCC_WARN_UNINITIALIZED_AUTOS = YES_AGGRESSIVE;
				GCC_WARN_UNUSED_FUNCTION = YES;
				GCC_WARN_UNUSED_VARIABLE = YES;
				IPHONEOS_DEPLOYMENT_TARGET = 17.0;
				LOCALIZATION_PREFERS_STRING_CATALOGS = YES;
				MTL_ENABLE_DEBUG_INFO = INCLUDE_SOURCE;
				MTL_FAST_MATH = YES;
				ONLY_ACTIVE_ARCH = YES;
				SDKROOT = iphoneos;
				SWIFT_ACTIVE_COMPILATION_CONDITIONS = "DEBUG $(inherited)";
				SWIFT_OPTIMIZATION_LEVEL = "-Onone";
			};
			name = Debug;
		};
		16F88F722D5487E500BF7CDE /* Release */ = {
			isa = XCBuildConfiguration;
			buildSettings = {
				ALWAYS_SEARCH_USER_PATHS = NO;
				ASSETCATALOG_COMPILER_GENERATE_ASSET_SYMBOLS = NO;
				ASSETCATALOG_COMPILER_GENERATE_SWIFT_ASSET_SYMBOL_EXTENSIONS = YES;
				CLANG_ANALYZER_NONNULL = YES;
				CLANG_ANALYZER_NUMBER_OBJECT_CONVERSION = YES_AGGRESSIVE;
				CLANG_CXX_LANGUAGE_STANDARD = "gnu++20";
				CLANG_ENABLE_MODULES = YES;
				CLANG_ENABLE_OBJC_ARC = YES;
				CLANG_ENABLE_OBJC_WEAK = YES;
				CLANG_WARN_BLOCK_CAPTURE_AUTORELEASING = YES;
				CLANG_WARN_BOOL_CONVERSION = YES;
				CLANG_WARN_COMMA = YES;
				CLANG_WARN_CONSTANT_CONVERSION = YES;
				CLANG_WARN_DEPRECATED_OBJC_IMPLEMENTATIONS = YES;
				CLANG_WARN_DIRECT_OBJC_ISA_USAGE = YES_ERROR;
				CLANG_WARN_DOCUMENTATION_COMMENTS = YES;
				CLANG_WARN_EMPTY_BODY = YES;
				CLANG_WARN_ENUM_CONVERSION = YES;
				CLANG_WARN_INFINITE_RECURSION = YES;
				CLANG_WARN_INT_CONVERSION = YES;
				CLANG_WARN_NON_LITERAL_NULL_CONVERSION = YES;
				CLANG_WARN_OBJC_IMPLICIT_RETAIN_SELF = YES;
				CLANG_WARN_OBJC_LITERAL_CONVERSION = YES;
				CLANG_WARN_OBJC_ROOT_CLASS = YES_ERROR;
				CLANG_WARN_QUOTED_INCLUDE_IN_FRAMEWORK_HEADER = YES;
				CLANG_WARN_RANGE_LOOP_ANALYSIS = YES;
				CLANG_WARN_STRICT_PROTOTYPES = YES;
				CLANG_WARN_SUSPICIOUS_MOVE = YES;
				CLANG_WARN_UNGUARDED_AVAILABILITY = YES_AGGRESSIVE;
				CLANG_WARN_UNREACHABLE_CODE = YES;
				CLANG_WARN__DUPLICATE_METHOD_MATCH = YES;
				COPY_PHASE_STRIP = NO;
				DEBUG_INFORMATION_FORMAT = "dwarf-with-dsym";
				ENABLE_NS_ASSERTIONS = NO;
				ENABLE_STRICT_OBJC_MSGSEND = YES;
				ENABLE_USER_SCRIPT_SANDBOXING = YES;
				GCC_C_LANGUAGE_STANDARD = gnu17;
				GCC_NO_COMMON_BLOCKS = YES;
				GCC_WARN_64_TO_32_BIT_CONVERSION = YES;
				GCC_WARN_ABOUT_RETURN_TYPE = YES_ERROR;
				GCC_WARN_UNDECLARED_SELECTOR = YES;
				GCC_WARN_UNINITIALIZED_AUTOS = YES_AGGRESSIVE;
				GCC_WARN_UNUSED_FUNCTION = YES;
				GCC_WARN_UNUSED_VARIABLE = YES;
				IPHONEOS_DEPLOYMENT_TARGET = 17.0;
				LOCALIZATION_PREFERS_STRING_CATALOGS = YES;
				MTL_ENABLE_DEBUG_INFO = NO;
				MTL_FAST_MATH = YES;
				SDKROOT = iphoneos;
				SWIFT_COMPILATION_MODE = wholemodule;
				VALIDATE_PRODUCT = YES;
			};
			name = Release;
		};
		16F88F742D5487E500BF7CDE /* Debug */ = {
			isa = XCBuildConfiguration;
			buildSettings = {
				ASSETCATALOG_COMPILER_APPICON_NAME = AppIcon;
				ASSETCATALOG_COMPILER_GLOBAL_ACCENT_COLOR_NAME = AccentColor;
				CODE_SIGN_STYLE = Automatic;
				CURRENT_PROJECT_VERSION = 1;
				DEVELOPMENT_TEAM = U5MDQP9G89;
				GENERATE_INFOPLIST_FILE = YES;
				INFOPLIST_FILE = MentoringProject/Info.plist;
				INFOPLIST_KEY_UIApplicationSupportsIndirectInputEvents = YES;
				INFOPLIST_KEY_UILaunchStoryboardName = LaunchScreen;
				INFOPLIST_KEY_UISupportedInterfaceOrientations_iPad = "UIInterfaceOrientationPortrait UIInterfaceOrientationPortraitUpsideDown UIInterfaceOrientationLandscapeLeft UIInterfaceOrientationLandscapeRight";
				INFOPLIST_KEY_UISupportedInterfaceOrientations_iPhone = "UIInterfaceOrientationPortrait UIInterfaceOrientationLandscapeLeft UIInterfaceOrientationLandscapeRight";
				IPHONEOS_DEPLOYMENT_TARGET = 15.0;
				LD_RUNPATH_SEARCH_PATHS = (
					"$(inherited)",
					"@executable_path/Frameworks",
				);
				MARKETING_VERSION = 1.0;
				PRODUCT_BUNDLE_IDENTIFIER = kw.MentoringProject;
				PRODUCT_NAME = "$(TARGET_NAME)";
				SWIFT_EMIT_LOC_STRINGS = YES;
				SWIFT_VERSION = 5.0;
				TARGETED_DEVICE_FAMILY = "1,2";
			};
			name = Debug;
		};
		16F88F752D5487E500BF7CDE /* Release */ = {
			isa = XCBuildConfiguration;
			buildSettings = {
				ASSETCATALOG_COMPILER_APPICON_NAME = AppIcon;
				ASSETCATALOG_COMPILER_GLOBAL_ACCENT_COLOR_NAME = AccentColor;
				CODE_SIGN_STYLE = Automatic;
				CURRENT_PROJECT_VERSION = 1;
				DEVELOPMENT_TEAM = U5MDQP9G89;
				GENERATE_INFOPLIST_FILE = YES;
				INFOPLIST_FILE = MentoringProject/Info.plist;
				INFOPLIST_KEY_UIApplicationSupportsIndirectInputEvents = YES;
				INFOPLIST_KEY_UILaunchStoryboardName = LaunchScreen;
				INFOPLIST_KEY_UISupportedInterfaceOrientations_iPad = "UIInterfaceOrientationPortrait UIInterfaceOrientationPortraitUpsideDown UIInterfaceOrientationLandscapeLeft UIInterfaceOrientationLandscapeRight";
				INFOPLIST_KEY_UISupportedInterfaceOrientations_iPhone = "UIInterfaceOrientationPortrait UIInterfaceOrientationLandscapeLeft UIInterfaceOrientationLandscapeRight";
				IPHONEOS_DEPLOYMENT_TARGET = 15.0;
				LD_RUNPATH_SEARCH_PATHS = (
					"$(inherited)",
					"@executable_path/Frameworks",
				);
				MARKETING_VERSION = 1.0;
				PRODUCT_BUNDLE_IDENTIFIER = kw.MentoringProject;
				PRODUCT_NAME = "$(TARGET_NAME)";
				SWIFT_EMIT_LOC_STRINGS = YES;
				SWIFT_VERSION = 5.0;
				TARGETED_DEVICE_FAMILY = "1,2";
			};
			name = Release;
		};
		16F88F772D5487E500BF7CDE /* Debug */ = {
			isa = XCBuildConfiguration;
			buildSettings = {
				ALWAYS_EMBED_SWIFT_STANDARD_LIBRARIES = YES;
				BUNDLE_LOADER = "$(TEST_HOST)";
				CODE_SIGN_STYLE = Automatic;
				CURRENT_PROJECT_VERSION = 1;
				DEVELOPMENT_TEAM = U5MDQP9G89;
				GENERATE_INFOPLIST_FILE = YES;
				IPHONEOS_DEPLOYMENT_TARGET = 17.0;
				MARKETING_VERSION = 1.0;
				PRODUCT_BUNDLE_IDENTIFIER = kw.MentoringProjectTests;
				PRODUCT_NAME = "$(TARGET_NAME)";
				SWIFT_EMIT_LOC_STRINGS = NO;
				SWIFT_VERSION = 5.0;
				TARGETED_DEVICE_FAMILY = "1,2";
				TEST_HOST = "$(BUILT_PRODUCTS_DIR)/MentoringProject.app/$(BUNDLE_EXECUTABLE_FOLDER_PATH)/MentoringProject";
			};
			name = Debug;
		};
		16F88F782D5487E500BF7CDE /* Release */ = {
			isa = XCBuildConfiguration;
			buildSettings = {
				ALWAYS_EMBED_SWIFT_STANDARD_LIBRARIES = YES;
				BUNDLE_LOADER = "$(TEST_HOST)";
				CODE_SIGN_STYLE = Automatic;
				CURRENT_PROJECT_VERSION = 1;
				DEVELOPMENT_TEAM = U5MDQP9G89;
				GENERATE_INFOPLIST_FILE = YES;
				IPHONEOS_DEPLOYMENT_TARGET = 17.0;
				MARKETING_VERSION = 1.0;
				PRODUCT_BUNDLE_IDENTIFIER = kw.MentoringProjectTests;
				PRODUCT_NAME = "$(TARGET_NAME)";
				SWIFT_EMIT_LOC_STRINGS = NO;
				SWIFT_VERSION = 5.0;
				TARGETED_DEVICE_FAMILY = "1,2";
				TEST_HOST = "$(BUILT_PRODUCTS_DIR)/MentoringProject.app/$(BUNDLE_EXECUTABLE_FOLDER_PATH)/MentoringProject";
			};
			name = Release;
		};
		16F88F7A2D5487E500BF7CDE /* Debug */ = {
			isa = XCBuildConfiguration;
			buildSettings = {
				ALWAYS_EMBED_SWIFT_STANDARD_LIBRARIES = YES;
				CODE_SIGN_STYLE = Automatic;
				CURRENT_PROJECT_VERSION = 1;
				DEVELOPMENT_TEAM = U5MDQP9G89;
				GENERATE_INFOPLIST_FILE = YES;
				MARKETING_VERSION = 1.0;
				PRODUCT_BUNDLE_IDENTIFIER = kw.MentoringProjectUITests;
				PRODUCT_NAME = "$(TARGET_NAME)";
				SWIFT_EMIT_LOC_STRINGS = NO;
				SWIFT_VERSION = 5.0;
				TARGETED_DEVICE_FAMILY = "1,2";
				TEST_TARGET_NAME = MentoringProject;
			};
			name = Debug;
		};
		16F88F7B2D5487E500BF7CDE /* Release */ = {
			isa = XCBuildConfiguration;
			buildSettings = {
				ALWAYS_EMBED_SWIFT_STANDARD_LIBRARIES = YES;
				CODE_SIGN_STYLE = Automatic;
				CURRENT_PROJECT_VERSION = 1;
				DEVELOPMENT_TEAM = U5MDQP9G89;
				GENERATE_INFOPLIST_FILE = YES;
				MARKETING_VERSION = 1.0;
				PRODUCT_BUNDLE_IDENTIFIER = kw.MentoringProjectUITests;
				PRODUCT_NAME = "$(TARGET_NAME)";
				SWIFT_EMIT_LOC_STRINGS = NO;
				SWIFT_VERSION = 5.0;
				TARGETED_DEVICE_FAMILY = "1,2";
				TEST_TARGET_NAME = MentoringProject;
			};
			name = Release;
		};
/* End XCBuildConfiguration section */

/* Begin XCConfigurationList section */
		16F88F442D5487E200BF7CDE /* Build configuration list for PBXProject "MentoringProject" */ = {
			isa = XCConfigurationList;
			buildConfigurations = (
				16F88F712D5487E500BF7CDE /* Debug */,
				16F88F722D5487E500BF7CDE /* Release */,
			);
			defaultConfigurationIsVisible = 0;
			defaultConfigurationName = Release;
		};
		16F88F732D5487E500BF7CDE /* Build configuration list for PBXNativeTarget "MentoringProject" */ = {
			isa = XCConfigurationList;
			buildConfigurations = (
				16F88F742D5487E500BF7CDE /* Debug */,
				16F88F752D5487E500BF7CDE /* Release */,
			);
			defaultConfigurationIsVisible = 0;
			defaultConfigurationName = Release;
		};
		16F88F762D5487E500BF7CDE /* Build configuration list for PBXNativeTarget "MentoringProjectTests" */ = {
			isa = XCConfigurationList;
			buildConfigurations = (
				16F88F772D5487E500BF7CDE /* Debug */,
				16F88F782D5487E500BF7CDE /* Release */,
			);
			defaultConfigurationIsVisible = 0;
			defaultConfigurationName = Release;
		};
		16F88F792D5487E500BF7CDE /* Build configuration list for PBXNativeTarget "MentoringProjectUITests" */ = {
			isa = XCConfigurationList;
			buildConfigurations = (
				16F88F7A2D5487E500BF7CDE /* Debug */,
				16F88F7B2D5487E500BF7CDE /* Release */,
			);
			defaultConfigurationIsVisible = 0;
			defaultConfigurationName = Release;
		};
/* End XCConfigurationList section */
	};
	rootObject = 16F88F412D5487E200BF7CDE /* Project object */;
}
